
Microsoft Visual Studio Solution File, Format Version 12.00
# Visual Studio Version 16
VisualStudioVersion = 16.0.30114.105
MinimumVisualStudioVersion = 10.0.40219.1
Project("{2150E333-8FDC-42A3-9474-1A3956D46DE8}") = "UI", "UI", "{A887A4E0-851F-4031-B7A8-B8208B5037B0}"
EndProject
Project("{2150E333-8FDC-42A3-9474-1A3956D46DE8}") = "Infrastructure", "Infrastructure", "{51F0400F-C5AC-4D65-9C69-D10CD1B22489}"
EndProject
Project("{2150E333-8FDC-42A3-9474-1A3956D46DE8}") = "Domain", "Domain", "{16F9E198-90B2-40EF-9A3B-C7AFFB0C6A60}"
EndProject
Project("{9A19103F-16F7-4668-BE54-9A1E7A4F7556}") = "Infrastructure.Repositories.Core", "Infrastructure\Repositories\Infrastructure.Repositories.Core.csproj", "{ED5103F7-543D-4B5D-B2B5-212444032946}"
EndProject
Project("{9A19103F-16F7-4668-BE54-9A1E7A4F7556}") = "Infrastructure.Services.Core", "Infrastructure\Services\Infrastructure.Services.Core.csproj", "{78283CA6-8506-4BD0-8816-B1B63A37349C}"
EndProject
Project("{9A19103F-16F7-4668-BE54-9A1E7A4F7556}") = "Infrastructure.Database.Core", "Infrastructure\Database\Infrastructure.Database.Core.csproj", "{BF2B38E9-FB89-477F-B3E1-BFD00F584E39}"
EndProject
Project("{9A19103F-16F7-4668-BE54-9A1E7A4F7556}") = "Infrastructure.CrossCutting.Core", "Infrastructure\CrossCutting\Infrastructure.CrossCutting.Core.csproj", "{5A058797-999E-479D-88E0-74EA08028CD1}"
EndProject
Project("{9A19103F-16F7-4668-BE54-9A1E7A4F7556}") = "Domain.Domain.Core", "Domain\Domain.Domain.Core.csproj", "{77E0AEBF-26BC-4836-9199-824E47713DA1}"
EndProject
Project("{9A19103F-16F7-4668-BE54-9A1E7A4F7556}") = "UI.WebApi.Core", "UI\WebApi\UI.WebApi.Core.csproj", "{14FC92C9-94BF-4CE1-93CC-02FC797285CD}"
EndProject
Global
	GlobalSection(SolutionConfigurationPlatforms) = preSolution
		Debug|Any CPU = Debug|Any CPU
		Debug|x64 = Debug|x64
		Debug|x86 = Debug|x86
		Release|Any CPU = Release|Any CPU
		Release|x64 = Release|x64
		Release|x86 = Release|x86
	EndGlobalSection
	GlobalSection(ProjectConfigurationPlatforms) = postSolution
		{ED5103F7-543D-4B5D-B2B5-212444032946}.Debug|Any CPU.ActiveCfg = Debug|Any CPU
		{ED5103F7-543D-4B5D-B2B5-212444032946}.Debug|Any CPU.Build.0 = Debug|Any CPU
		{ED5103F7-543D-4B5D-B2B5-212444032946}.Debug|x64.ActiveCfg = Debug|Any CPU
		{ED5103F7-543D-4B5D-B2B5-212444032946}.Debug|x64.Build.0 = Debug|Any CPU
		{ED5103F7-543D-4B5D-B2B5-212444032946}.Debug|x86.ActiveCfg = Debug|Any CPU
		{ED5103F7-543D-4B5D-B2B5-212444032946}.Debug|x86.Build.0 = Debug|Any CPU
		{ED5103F7-543D-4B5D-B2B5-212444032946}.Release|Any CPU.ActiveCfg = Release|Any CPU
		{ED5103F7-543D-4B5D-B2B5-212444032946}.Release|Any CPU.Build.0 = Release|Any CPU
		{ED5103F7-543D-4B5D-B2B5-212444032946}.Release|x64.ActiveCfg = Release|Any CPU
		{ED5103F7-543D-4B5D-B2B5-212444032946}.Release|x64.Build.0 = Release|Any CPU
		{ED5103F7-543D-4B5D-B2B5-212444032946}.Release|x86.ActiveCfg = Release|Any CPU
		{ED5103F7-543D-4B5D-B2B5-212444032946}.Release|x86.Build.0 = Release|Any CPU
		{78283CA6-8506-4BD0-8816-B1B63A37349C}.Debug|Any CPU.ActiveCfg = Debug|Any CPU
		{78283CA6-8506-4BD0-8816-B1B63A37349C}.Debug|Any CPU.Build.0 = Debug|Any CPU
		{78283CA6-8506-4BD0-8816-B1B63A37349C}.Debug|x64.ActiveCfg = Debug|Any CPU
		{78283CA6-8506-4BD0-8816-B1B63A37349C}.Debug|x64.Build.0 = Debug|Any CPU
		{78283CA6-8506-4BD0-8816-B1B63A37349C}.Debug|x86.ActiveCfg = Debug|Any CPU
		{78283CA6-8506-4BD0-8816-B1B63A37349C}.Debug|x86.Build.0 = Debug|Any CPU
		{78283CA6-8506-4BD0-8816-B1B63A37349C}.Release|Any CPU.ActiveCfg = Release|Any CPU
		{78283CA6-8506-4BD0-8816-B1B63A37349C}.Release|Any CPU.Build.0 = Release|Any CPU
		{78283CA6-8506-4BD0-8816-B1B63A37349C}.Release|x64.ActiveCfg = Release|Any CPU
		{78283CA6-8506-4BD0-8816-B1B63A37349C}.Release|x64.Build.0 = Release|Any CPU
		{78283CA6-8506-4BD0-8816-B1B63A37349C}.Release|x86.ActiveCfg = Release|Any CPU
		{78283CA6-8506-4BD0-8816-B1B63A37349C}.Release|x86.Build.0 = Release|Any CPU
		{BF2B38E9-FB89-477F-B3E1-BFD00F584E39}.Debug|Any CPU.ActiveCfg = Debug|Any CPU
		{BF2B38E9-FB89-477F-B3E1-BFD00F584E39}.Debug|Any CPU.Build.0 = Debug|Any CPU
		{BF2B38E9-FB89-477F-B3E1-BFD00F584E39}.Debug|x64.ActiveCfg = Debug|Any CPU
		{BF2B38E9-FB89-477F-B3E1-BFD00F584E39}.Debug|x64.Build.0 = Debug|Any CPU
		{BF2B38E9-FB89-477F-B3E1-BFD00F584E39}.Debug|x86.ActiveCfg = Debug|Any CPU
		{BF2B38E9-FB89-477F-B3E1-BFD00F584E39}.Debug|x86.Build.0 = Debug|Any CPU
		{BF2B38E9-FB89-477F-B3E1-BFD00F584E39}.Release|Any CPU.ActiveCfg = Release|Any CPU
		{BF2B38E9-FB89-477F-B3E1-BFD00F584E39}.Release|Any CPU.Build.0 = Release|Any CPU
		{BF2B38E9-FB89-477F-B3E1-BFD00F584E39}.Release|x64.ActiveCfg = Release|Any CPU
		{BF2B38E9-FB89-477F-B3E1-BFD00F584E39}.Release|x64.Build.0 = Release|Any CPU
		{BF2B38E9-FB89-477F-B3E1-BFD00F584E39}.Release|x86.ActiveCfg = Release|Any CPU
		{BF2B38E9-FB89-477F-B3E1-BFD00F584E39}.Release|x86.Build.0 = Release|Any CPU
		{5A058797-999E-479D-88E0-74EA08028CD1}.Debug|Any CPU.ActiveCfg = Debug|Any CPU
		{5A058797-999E-479D-88E0-74EA08028CD1}.Debug|Any CPU.Build.0 = Debug|Any CPU
		{5A058797-999E-479D-88E0-74EA08028CD1}.Debug|x64.ActiveCfg = Debug|Any CPU
		{5A058797-999E-479D-88E0-74EA08028CD1}.Debug|x64.Build.0 = Debug|Any CPU
		{5A058797-999E-479D-88E0-74EA08028CD1}.Debug|x86.ActiveCfg = Debug|Any CPU
		{5A058797-999E-479D-88E0-74EA08028CD1}.Debug|x86.Build.0 = Debug|Any CPU
		{5A058797-999E-479D-88E0-74EA08028CD1}.Release|Any CPU.ActiveCfg = Release|Any CPU
		{5A058797-999E-479D-88E0-74EA08028CD1}.Release|Any CPU.Build.0 = Release|Any CPU
		{5A058797-999E-479D-88E0-74EA08028CD1}.Release|x64.ActiveCfg = Release|Any CPU
		{5A058797-999E-479D-88E0-74EA08028CD1}.Release|x64.Build.0 = Release|Any CPU
		{5A058797-999E-479D-88E0-74EA08028CD1}.Release|x86.ActiveCfg = Release|Any CPU
		{5A058797-999E-479D-88E0-74EA08028CD1}.Release|x86.Build.0 = Release|Any CPU
		{77E0AEBF-26BC-4836-9199-824E47713DA1}.Debug|Any CPU.ActiveCfg = Debug|Any CPU
		{77E0AEBF-26BC-4836-9199-824E47713DA1}.Debug|Any CPU.Build.0 = Debug|Any CPU
		{77E0AEBF-26BC-4836-9199-824E47713DA1}.Debug|x64.ActiveCfg = Debug|Any CPU
		{77E0AEBF-26BC-4836-9199-824E47713DA1}.Debug|x64.Build.0 = Debug|Any CPU
		{77E0AEBF-26BC-4836-9199-824E47713DA1}.Debug|x86.ActiveCfg = Debug|Any CPU
		{77E0AEBF-26BC-4836-9199-824E47713DA1}.Debug|x86.Build.0 = Debug|Any CPU
		{77E0AEBF-26BC-4836-9199-824E47713DA1}.Release|Any CPU.ActiveCfg = Release|Any CPU
		{77E0AEBF-26BC-4836-9199-824E47713DA1}.Release|Any CPU.Build.0 = Release|Any CPU
		{77E0AEBF-26BC-4836-9199-824E47713DA1}.Release|x64.ActiveCfg = Release|Any CPU
		{77E0AEBF-26BC-4836-9199-824E47713DA1}.Release|x64.Build.0 = Release|Any CPU
		{77E0AEBF-26BC-4836-9199-824E47713DA1}.Release|x86.ActiveCfg = Release|Any CPU
		{77E0AEBF-26BC-4836-9199-824E47713DA1}.Release|x86.Build.0 = Release|Any CPU
		{14FC92C9-94BF-4CE1-93CC-02FC797285CD}.Debug|Any CPU.ActiveCfg = Debug|Any CPU
		{14FC92C9-94BF-4CE1-93CC-02FC797285CD}.Debug|Any CPU.Build.0 = Debug|Any CPU
		{14FC92C9-94BF-4CE1-93CC-02FC797285CD}.Debug|x64.ActiveCfg = Debug|Any CPU
		{14FC92C9-94BF-4CE1-93CC-02FC797285CD}.Debug|x64.Build.0 = Debug|Any CPU
		{14FC92C9-94BF-4CE1-93CC-02FC797285CD}.Debug|x86.ActiveCfg = Debug|Any CPU
		{14FC92C9-94BF-4CE1-93CC-02FC797285CD}.Debug|x86.Build.0 = Debug|Any CPU
		{14FC92C9-94BF-4CE1-93CC-02FC797285CD}.Release|Any CPU.ActiveCfg = Release|Any CPU
		{14FC92C9-94BF-4CE1-93CC-02FC797285CD}.Release|Any CPU.Build.0 = Release|Any CPU
		{14FC92C9-94BF-4CE1-93CC-02FC797285CD}.Release|x64.ActiveCfg = Release|Any CPU
		{14FC92C9-94BF-4CE1-93CC-02FC797285CD}.Release|x64.Build.0 = Release|Any CPU
		{14FC92C9-94BF-4CE1-93CC-02FC797285CD}.Release|x86.ActiveCfg = Release|Any CPU
		{14FC92C9-94BF-4CE1-93CC-02FC797285CD}.Release|x86.Build.0 = Release|Any CPU
	EndGlobalSection
	GlobalSection(SolutionProperties) = preSolution
		HideSolutionNode = FALSE
	EndGlobalSection
	GlobalSection(NestedProjects) = preSolution
		{ED5103F7-543D-4B5D-B2B5-212444032946} = {51F0400F-C5AC-4D65-9C69-D10CD1B22489}
		{78283CA6-8506-4BD0-8816-B1B63A37349C} = {51F0400F-C5AC-4D65-9C69-D10CD1B22489}
		{BF2B38E9-FB89-477F-B3E1-BFD00F584E39} = {51F0400F-C5AC-4D65-9C69-D10CD1B22489}
		{5A058797-999E-479D-88E0-74EA08028CD1} = {51F0400F-C5AC-4D65-9C69-D10CD1B22489}
		{77E0AEBF-26BC-4836-9199-824E47713DA1} = {16F9E198-90B2-40EF-9A3B-C7AFFB0C6A60}
		{14FC92C9-94BF-4CE1-93CC-02FC797285CD} = {A887A4E0-851F-4031-B7A8-B8208B5037B0}
	EndGlobalSection
	GlobalSection(ExtensibilityGlobals) = postSolution
		SolutionGuid = {F7956E07-AB39-4C5B-B8C0-86BB9E1E65FA}
	EndGlobalSection
EndGlobal
